{
    "_readme": [
        "This file locks the dependencies of your project to a known state",
        "Read more about it at https://getcomposer.org/doc/01-basic-usage.md#installing-dependencies",
        "This file is @generated automatically"
    ],
    "content-hash": "bd556bcd1d2554ae38d02b0d3a59965e",
    "packages": [
        {
            "name": "composer/ca-bundle",
            "version": "1.3.4",
            "source": {
                "type": "git",
                "url": "https://github.com/composer/ca-bundle.git",
                "reference": "69098eca243998b53eed7a48d82dedd28b447cd5"
            },
            "dist": {
                "type": "zip",
                "url": "https://api.github.com/repos/composer/ca-bundle/zipball/69098eca243998b53eed7a48d82dedd28b447cd5",
                "reference": "69098eca243998b53eed7a48d82dedd28b447cd5",
                "shasum": ""
            },
            "require": {
                "ext-openssl": "*",
                "ext-pcre": "*",
                "php": "^5.3.2 || ^7.0 || ^8.0"
            },
            "require-dev": {
                "phpstan/phpstan": "^0.12.55",
                "psr/log": "^1.0",
                "symfony/phpunit-bridge": "^4.2 || ^5",
                "symfony/process": "^2.5 || ^3.0 || ^4.0 || ^5.0 || ^6.0"
            },
            "type": "library",
            "extra": {
                "branch-alias": {
                    "dev-main": "1.x-dev"
                }
            },
            "autoload": {
                "psr-4": {
                    "Composer\\CaBundle\\": "src"
                }
            },
            "notification-url": "https://packagist.org/downloads/",
            "license": [
                "MIT"
            ],
            "authors": [
                {
                    "name": "Jordi Boggiano",
                    "email": "j.boggiano@seld.be",
                    "homepage": "http://seld.be"
                }
            ],
            "description": "Lets you find a path to the system CA bundle, and includes a fallback to the Mozilla CA bundle.",
            "keywords": [
                "cabundle",
                "cacert",
                "certificate",
                "ssl",
                "tls"
            ],
            "support": {
                "irc": "irc://irc.freenode.org/composer",
                "issues": "https://github.com/composer/ca-bundle/issues",
                "source": "https://github.com/composer/ca-bundle/tree/1.3.4"
            },
            "funding": [
                {
                    "url": "https://packagist.com",
                    "type": "custom"
                },
                {
                    "url": "https://github.com/composer",
                    "type": "github"
                },
                {
                    "url": "https://tidelift.com/funding/github/packagist/composer/composer",
                    "type": "tidelift"
                }
            ],
            "time": "2022-10-12T12:08:29+00:00"
        },
        {
            "name": "geoip2/geoip2",
            "version": "v2.13.0",
            "source": {
                "type": "git",
                "url": "git@github.com:maxmind/GeoIP2-php.git",
                "reference": "6a41d8fbd6b90052bc34dff3b4252d0f88067b23"
            },
            "dist": {
                "type": "zip",
                "url": "https://api.github.com/repos/maxmind/GeoIP2-php/zipball/6a41d8fbd6b90052bc34dff3b4252d0f88067b23",
                "reference": "6a41d8fbd6b90052bc34dff3b4252d0f88067b23",
                "shasum": ""
            },
            "require": {
                "ext-json": "*",
                "maxmind-db/reader": "~1.8",
                "maxmind/web-service-common": "~0.8",
                "php": ">=7.2"
            },
            "require-dev": {
                "friendsofphp/php-cs-fixer": "3.*",
                "phpstan/phpstan": "*",
                "phpunit/phpunit": "^8.0 || ^9.0",
                "squizlabs/php_codesniffer": "3.*"
            },
            "type": "library",
            "autoload": {
                "psr-4": {
                    "GeoIp2\\": "src"
                }
            },
            "notification-url": "https://packagist.org/downloads/",
            "license": [
                "Apache-2.0"
            ],
            "authors": [
                {
                    "name": "Gregory J. Oschwald",
                    "email": "goschwald@maxmind.com",
                    "homepage": "https://www.maxmind.com/"
                }
            ],
            "description": "MaxMind GeoIP2 PHP API",
            "homepage": "https://github.com/maxmind/GeoIP2-php",
            "keywords": [
                "IP",
                "geoip",
                "geoip2",
                "geolocation",
                "maxmind"
            ],
            "time": "2022-08-05T20:32:58+00:00"
        },
        {
            "name": "graylog2/gelf-php",
            "version": "1.7.1",
            "source": {
                "type": "git",
                "url": "https://github.com/bzikarsky/gelf-php.git",
                "reference": "8dceab86227c184725479cc36ab5cae4da940f6e"
            },
            "dist": {
                "type": "zip",
                "url": "https://api.github.com/repos/bzikarsky/gelf-php/zipball/8dceab86227c184725479cc36ab5cae4da940f6e",
                "reference": "8dceab86227c184725479cc36ab5cae4da940f6e",
                "shasum": ""
            },
            "require": {
                "paragonie/constant_time_encoding": "^1|^2",
                "php": ">=5.6",
                "psr/log": "^1.0|^2.0"
            },
            "provide": {
                "psr/log-implementation": "~1.0"
            },
            "require-dev": {
                "phpunit/phpunit": "^5.7|^6.5|^7.5",
                "squizlabs/php_codesniffer": "^3.3"
            },
            "type": "library",
            "extra": {
                "branch-alias": {
                    "dev-master": "1.4.x-dev"
                }
            },
            "autoload": {
                "psr-4": {
                    "Gelf\\": "src/Gelf"
                }
            },
            "notification-url": "https://packagist.org/downloads/",
            "license": [
                "MIT"
            ],
            "authors": [
                {
                    "name": "Benjamin Zikarsky",
                    "email": "benjamin@zikarsky.de"
                },
                {
                    "name": "gelf-php contributors",
                    "homepage": "https://github.com/bzikarsky/gelf-php/contributors"
                }
            ],
            "description": "A php implementation to send log-messages to a GELF compatible backend like Graylog2.",
            "support": {
                "issues": "https://github.com/bzikarsky/gelf-php/issues",
                "source": "https://github.com/bzikarsky/gelf-php/tree/1.7.1"
            },
            "time": "2021-08-20T09:39:08+00:00"
        },
        {
            "name": "maxmind-db/reader",
            "version": "v1.11.0",
            "source": {
                "type": "git",
                "url": "https://github.com/maxmind/MaxMind-DB-Reader-php.git",
                "reference": "b1f3c0699525336d09cc5161a2861268d9f2ae5b"
            },
            "dist": {
                "type": "zip",
                "url": "https://api.github.com/repos/maxmind/MaxMind-DB-Reader-php/zipball/b1f3c0699525336d09cc5161a2861268d9f2ae5b",
                "reference": "b1f3c0699525336d09cc5161a2861268d9f2ae5b",
                "shasum": ""
            },
            "require": {
                "php": ">=7.2"
            },
            "conflict": {
                "ext-maxminddb": "<1.10.1,>=2.0.0"
            },
            "require-dev": {
                "friendsofphp/php-cs-fixer": "3.*",
                "php-coveralls/php-coveralls": "^2.1",
                "phpstan/phpstan": "*",
                "phpunit/phpcov": ">=6.0.0",
                "phpunit/phpunit": ">=8.0.0,<10.0.0",
                "squizlabs/php_codesniffer": "3.*"
            },
            "suggest": {
                "ext-bcmath": "bcmath or gmp is required for decoding larger integers with the pure PHP decoder",
                "ext-gmp": "bcmath or gmp is required for decoding larger integers with the pure PHP decoder",
                "ext-maxminddb": "A C-based database decoder that provides significantly faster lookups"
            },
            "type": "library",
            "autoload": {
                "psr-4": {
                    "MaxMind\\Db\\": "src/MaxMind/Db"
                }
            },
            "notification-url": "https://packagist.org/downloads/",
            "license": [
                "Apache-2.0"
            ],
            "authors": [
                {
                    "name": "Gregory J. Oschwald",
                    "email": "goschwald@maxmind.com",
                    "homepage": "https://www.maxmind.com/"
                }
            ],
            "description": "MaxMind DB Reader API",
            "homepage": "https://github.com/maxmind/MaxMind-DB-Reader-php",
            "keywords": [
                "database",
                "geoip",
                "geoip2",
                "geolocation",
                "maxmind"
            ],
            "support": {
                "issues": "https://github.com/maxmind/MaxMind-DB-Reader-php/issues",
                "source": "https://github.com/maxmind/MaxMind-DB-Reader-php/tree/v1.11.0"
            },
            "time": "2021-10-18T15:23:10+00:00"
        },
        {
            "name": "maxmind/web-service-common",
            "version": "v0.9.0",
            "source": {
                "type": "git",
                "url": "https://github.com/maxmind/web-service-common-php.git",
                "reference": "4dc5a3e8df38aea4ca3b1096cee3a038094e9b53"
            },
            "dist": {
                "type": "zip",
                "url": "https://api.github.com/repos/maxmind/web-service-common-php/zipball/4dc5a3e8df38aea4ca3b1096cee3a038094e9b53",
                "reference": "4dc5a3e8df38aea4ca3b1096cee3a038094e9b53",
                "shasum": ""
            },
            "require": {
                "composer/ca-bundle": "^1.0.3",
                "ext-curl": "*",
                "ext-json": "*",
                "php": ">=7.2"
            },
            "require-dev": {
                "friendsofphp/php-cs-fixer": "3.*",
                "phpstan/phpstan": "*",
                "phpunit/phpunit": "^8.0 || ^9.0",
                "squizlabs/php_codesniffer": "3.*"
            },
            "type": "library",
            "autoload": {
                "psr-4": {
                    "MaxMind\\Exception\\": "src/Exception",
                    "MaxMind\\WebService\\": "src/WebService"
                }
            },
            "notification-url": "https://packagist.org/downloads/",
            "license": [
                "Apache-2.0"
            ],
            "authors": [
                {
                    "name": "Gregory Oschwald",
                    "email": "goschwald@maxmind.com"
                }
            ],
            "description": "Internal MaxMind Web Service API",
            "homepage": "https://github.com/maxmind/web-service-common-php",
            "support": {
                "issues": "https://github.com/maxmind/web-service-common-php/issues",
                "source": "https://github.com/maxmind/web-service-common-php/tree/v0.9.0"
            },
            "time": "2022-03-28T17:43:20+00:00"
        },
        {
            "name": "monolog/monolog",
            "version": "3.2.0",
            "source": {
                "type": "git",
                "url": "https://github.com/Seldaek/monolog.git",
                "reference": "305444bc6fb6c89e490f4b34fa6e979584d7fa81"
            },
            "dist": {
                "type": "zip",
                "url": "https://api.github.com/repos/Seldaek/monolog/zipball/305444bc6fb6c89e490f4b34fa6e979584d7fa81",
                "reference": "305444bc6fb6c89e490f4b34fa6e979584d7fa81",
                "shasum": ""
            },
            "require": {
                "php": ">=8.1",
                "psr/log": "^2.0 || ^3.0"
            },
            "provide": {
                "psr/log-implementation": "3.0.0"
            },
            "require-dev": {
                "aws/aws-sdk-php": "^3.0",
                "doctrine/couchdb": "~1.0@dev",
                "elasticsearch/elasticsearch": "^7 || ^8",
                "ext-json": "*",
                "graylog2/gelf-php": "^1.4.2",
                "guzzlehttp/guzzle": "^7.4",
                "guzzlehttp/psr7": "^2.2",
                "mongodb/mongodb": "^1.8",
                "php-amqplib/php-amqplib": "~2.4 || ^3",
                "phpstan/phpstan": "^1.4",
                "phpstan/phpstan-deprecation-rules": "^1.0",
                "phpstan/phpstan-strict-rules": "^1.1",
                "phpunit/phpunit": "^9.5.16",
                "predis/predis": "^1.1",
                "ruflin/elastica": "^7",
                "symfony/mailer": "^5.4 || ^6",
                "symfony/mime": "^5.4 || ^6"
            },
            "suggest": {
                "aws/aws-sdk-php": "Allow sending log messages to AWS services like DynamoDB",
                "doctrine/couchdb": "Allow sending log messages to a CouchDB server",
                "elasticsearch/elasticsearch": "Allow sending log messages to an Elasticsearch server via official client",
                "ext-amqp": "Allow sending log messages to an AMQP server (1.0+ required)",
                "ext-curl": "Required to send log messages using the IFTTTHandler, the LogglyHandler, the SendGridHandler, the SlackWebhookHandler or the TelegramBotHandler",
                "ext-mbstring": "Allow to work properly with unicode symbols",
                "ext-mongodb": "Allow sending log messages to a MongoDB server (via driver)",
                "ext-openssl": "Required to send log messages using SSL",
                "ext-sockets": "Allow sending log messages to a Syslog server (via UDP driver)",
                "graylog2/gelf-php": "Allow sending log messages to a GrayLog2 server",
                "mongodb/mongodb": "Allow sending log messages to a MongoDB server (via library)",
                "php-amqplib/php-amqplib": "Allow sending log messages to an AMQP server using php-amqplib",
                "rollbar/rollbar": "Allow sending log messages to Rollbar",
                "ruflin/elastica": "Allow sending log messages to an Elastic Search server"
            },
            "type": "library",
            "extra": {
                "branch-alias": {
                    "dev-main": "3.x-dev"
                }
            },
            "autoload": {
                "psr-4": {
                    "Monolog\\": "src/Monolog"
                }
            },
            "notification-url": "https://packagist.org/downloads/",
            "license": [
                "MIT"
            ],
            "authors": [
                {
                    "name": "Jordi Boggiano",
                    "email": "j.boggiano@seld.be",
                    "homepage": "https://seld.be"
                }
            ],
            "description": "Sends your logs to files, sockets, inboxes, databases and various web services",
            "homepage": "https://github.com/Seldaek/monolog",
            "keywords": [
                "log",
                "logging",
                "psr-3"
            ],
            "support": {
                "issues": "https://github.com/Seldaek/monolog/issues",
                "source": "https://github.com/Seldaek/monolog/tree/3.2.0"
            },
            "funding": [
                {
                    "url": "https://github.com/Seldaek",
                    "type": "github"
                },
                {
                    "url": "https://tidelift.com/funding/github/packagist/monolog/monolog",
                    "type": "tidelift"
                }
            ],
            "time": "2022-07-24T12:00:55+00:00"
        },
        {
            "name": "paragonie/constant_time_encoding",
            "version": "v2.6.3",
            "source": {
                "type": "git",
                "url": "https://github.com/paragonie/constant_time_encoding.git",
                "reference": "58c3f47f650c94ec05a151692652a868995d2938"
            },
            "dist": {
                "type": "zip",
                "url": "https://api.github.com/repos/paragonie/constant_time_encoding/zipball/58c3f47f650c94ec05a151692652a868995d2938",
                "reference": "58c3f47f650c94ec05a151692652a868995d2938",
                "shasum": ""
            },
            "require": {
                "php": "^7|^8"
            },
            "require-dev": {
                "phpunit/phpunit": "^6|^7|^8|^9",
                "vimeo/psalm": "^1|^2|^3|^4"
            },
            "type": "library",
            "autoload": {
                "psr-4": {
                    "ParagonIE\\ConstantTime\\": "src/"
                }
            },
            "notification-url": "https://packagist.org/downloads/",
            "license": [
                "MIT"
            ],
            "authors": [
                {
                    "name": "Paragon Initiative Enterprises",
                    "email": "security@paragonie.com",
                    "homepage": "https://paragonie.com",
                    "role": "Maintainer"
                },
                {
                    "name": "Steve 'Sc00bz' Thomas",
                    "email": "steve@tobtu.com",
                    "homepage": "https://www.tobtu.com",
                    "role": "Original Developer"
                }
            ],
            "description": "Constant-time Implementations of RFC 4648 Encoding (Base-64, Base-32, Base-16)",
            "keywords": [
                "base16",
                "base32",
                "base32_decode",
                "base32_encode",
                "base64",
                "base64_decode",
                "base64_encode",
                "bin2hex",
                "encoding",
                "hex",
                "hex2bin",
                "rfc4648"
            ],
            "support": {
                "email": "info@paragonie.com",
                "issues": "https://github.com/paragonie/constant_time_encoding/issues",
                "source": "https://github.com/paragonie/constant_time_encoding"
            },
            "time": "2022-06-14T06:56:20+00:00"
        },
        {
            "name": "psr/log",
            "version": "2.0.0",
            "source": {
                "type": "git",
                "url": "https://github.com/php-fig/log.git",
                "reference": "ef29f6d262798707a9edd554e2b82517ef3a9376"
            },
            "dist": {
                "type": "zip",
                "url": "https://api.github.com/repos/php-fig/log/zipball/ef29f6d262798707a9edd554e2b82517ef3a9376",
                "reference": "ef29f6d262798707a9edd554e2b82517ef3a9376",
                "shasum": ""
            },
            "require": {
                "php": ">=8.0.0"
            },
            "type": "library",
            "extra": {
                "branch-alias": {
                    "dev-master": "2.0.x-dev"
                }
            },
            "autoload": {
                "psr-4": {
                    "Psr\\Log\\": "src"
                }
            },
            "notification-url": "https://packagist.org/downloads/",
            "license": [
                "MIT"
            ],
            "authors": [
                {
                    "name": "PHP-FIG",
                    "homepage": "https://www.php-fig.org/"
                }
            ],
            "description": "Common interface for logging libraries",
            "homepage": "https://github.com/php-fig/log",
            "keywords": [
                "log",
                "psr",
                "psr-3"
            ],
            "support": {
                "source": "https://github.com/php-fig/log/tree/2.0.0"
            },
            "time": "2021-07-14T16:41:46+00:00"
        }
    ],
    "packages-dev": [],
    "aliases": [],
    "minimum-stability": "stable",
    "stability-flags": [],
    "prefer-stable": false,
    "prefer-lowest": false,
    "platform": {
        "php": ">=8.1"
    },
    "platform-dev": [],
    "plugin-api-version": "2.3.0"
}
